// !$*UTF8*$!
{
	archiveVersion = 1;
	classes = {
	};
	objectVersion = 56;
	objects = {

/* Begin PBXBuildFile section */
		ABBED0032CDB711C00E37AD3 /* AppDelegate.swift in Sources */ = {isa = PBXBuildFile; fileRef = ABBED0022CDB711C00E37AD3 /* AppDelegate.swift */; };
		ABBED0052CDB711C00E37AD3 /* SceneDelegate.swift in Sources */ = {isa = PBXBuildFile; fileRef = ABBED0042CDB711C00E37AD3 /* SceneDelegate.swift */; };
		ABBED0072CDB711C00E37AD3 /* ViewController.swift in Sources */ = {isa = PBXBuildFile; fileRef = ABBED0062CDB711C00E37AD3 /* ViewController.swift */; };
		ABBED00A2CDB711C00E37AD3 /* Base in Resources */ = {isa = PBXBuildFile; fileRef = ABBED0092CDB711C00E37AD3 /* Base */; };
		ABBED00C2CDB711D00E37AD3 /* Assets.xcassets in Resources */ = {isa = PBXBuildFile; fileRef = ABBED00B2CDB711D00E37AD3 /* Assets.xcassets */; };
		ABBED00F2CDB711D00E37AD3 /* Base in Resources */ = {isa = PBXBuildFile; fileRef = ABBED00E2CDB711D00E37AD3 /* Base */; };
		ABBED0172CDB7C9B00E37AD3 /* data.txt in Resources */ = {isa = PBXBuildFile; fileRef = ABBED0162CDB7C9B00E37AD3 /* data.txt */; };
		ABBED0192CDB8E0200E37AD3 /* URL+Predefined.swift in Sources */ = {isa = PBXBuildFile; fileRef = ABBED0182CDB8E0200E37AD3 /* URL+Predefined.swift */; };
/* End PBXBuildFile section */

/* Begin PBXFileReference section */
		ABBECFFF2CDB711C00E37AD3 /* SentenceAnalyzer.app */ = {isa = PBXFileReference; explicitFileType = wrapper.application; includeInIndex = 0; path = SentenceAnalyzer.app; sourceTree = BUILT_PRODUCTS_DIR; };
		ABBED0022CDB711C00E37AD3 /* AppDelegate.swift */ = {isa = PBXFileReference; lastKnownFileType = sourcecode.swift; path = AppDelegate.swift; sourceTree = "<group>"; };
		ABBED0042CDB711C00E37AD3 /* SceneDelegate.swift */ = {isa = PBXFileReference; lastKnownFileType = sourcecode.swift; path = SceneDelegate.swift; sourceTree = "<group>"; };
		ABBED0062CDB711C00E37AD3 /* ViewController.swift */ = {isa = PBXFileReference; lastKnownFileType = sourcecode.swift; path = ViewController.swift; sourceTree = "<group>"; };
		ABBED0092CDB711C00E37AD3 /* Base */ = {isa = PBXFileReference; lastKnownFileType = file.storyboard; name = Base; path = Base.lproj/Main.storyboard; sourceTree = "<group>"; };
		ABBED00B2CDB711D00E37AD3 /* Assets.xcassets */ = {isa = PBXFileReference; lastKnownFileType = folder.assetcatalog; path = Assets.xcassets; sourceTree = "<group>"; };
		ABBED00E2CDB711D00E37AD3 /* Base */ = {isa = PBXFileReference; lastKnownFileType = file.storyboard; name = Base; path = Base.lproj/LaunchScreen.storyboard; sourceTree = "<group>"; };
		ABBED0102CDB711D00E37AD3 /* Info.plist */ = {isa = PBXFileReference; lastKnownFileType = text.plist.xml; path = Info.plist; sourceTree = "<group>"; };
		ABBED0162CDB7C9B00E37AD3 /* data.txt */ = {isa = PBXFileReference; lastKnownFileType = text; path = data.txt; sourceTree = "<group>"; };
		ABBED0182CDB8E0200E37AD3 /* URL+Predefined.swift */ = {isa = PBXFileReference; lastKnownFileType = sourcecode.swift; path = "URL+Predefined.swift"; sourceTree = "<group>"; };
/* End PBXFileReference section */

/* Begin PBXFrameworksBuildPhase section */
		ABBECFFC2CDB711C00E37AD3 /* Frameworks */ = {
			isa = PBXFrameworksBuildPhase;
			buildActionMask = 2147483647;
			files = (
			);
			runOnlyForDeploymentPostprocessing = 0;
		};
/* End PBXFrameworksBuildPhase section */

/* Begin PBXGroup section */
		ABBECFF62CDB711C00E37AD3 = {
			isa = PBXGroup;
			children = (
				ABBED0012CDB711C00E37AD3 /* SentenceAnalyzer */,
				ABBED0002CDB711C00E37AD3 /* Products */,
			);
			sourceTree = "<group>";
		};
		ABBED0002CDB711C00E37AD3 /* Products */ = {
			isa = PBXGroup;
			children = (
				ABBECFFF2CDB711C00E37AD3 /* SentenceAnalyzer.app */,
			);
			name = Products;
			sourceTree = "<group>";
		};
		ABBED0012CDB711C00E37AD3 /* SentenceAnalyzer */ = {
			isa = PBXGroup;
			children = (
				ABBED0022CDB711C00E37AD3 /* AppDelegate.swift */,
				ABBED0042CDB711C00E37AD3 /* SceneDelegate.swift */,
				ABBED0062CDB711C00E37AD3 /* ViewController.swift */,
				ABBED0082CDB711C00E37AD3 /* Main.storyboard */,
				ABBED00B2CDB711D00E37AD3 /* Assets.xcassets */,
				ABBED00D2CDB711D00E37AD3 /* LaunchScreen.storyboard */,
				ABBED0102CDB711D00E37AD3 /* Info.plist */,
				ABBED0162CDB7C9B00E37AD3 /* data.txt */,
				ABBED0182CDB8E0200E37AD3 /* URL+Predefined.swift */,
			);
			path = SentenceAnalyzer;
			sourceTree = "<group>";
		};
/* End PBXGroup section */

/* Begin PBXNativeTarget section */
		ABBECFFE2CDB711C00E37AD3 /* SentenceAnalyzer */ = {
			isa = PBXNativeTarget;
			buildConfigurationList = ABBED0132CDB711D00E37AD3 /* Build configuration list for PBXNativeTarget "SentenceAnalyzer" */;
			buildPhases = (
				ABBECFFB2CDB711C00E37AD3 /* Sources */,
				ABBECFFC2CDB711C00E37AD3 /* Frameworks */,
				ABBECFFD2CDB711C00E37AD3 /* Resources */,
			);
			buildRules = (
			);
			dependencies = (
			);
			name = SentenceAnalyzer;
			productName = SentenceAnalyzer;
			productReference = ABBECFFF2CDB711C00E37AD3 /* SentenceAnalyzer.app */;
			productType = "com.apple.product-type.application";
		};
/* End PBXNativeTarget section */

/* Begin PBXProject section */
		ABBECFF72CDB711C00E37AD3 /* Project object */ = {
			isa = PBXProject;
			attributes = {
				BuildIndependentTargetsInParallel = 1;
				LastSwiftUpdateCheck = 1540;
				LastUpgradeCheck = 1540;
				TargetAttributes = {
					ABBECFFE2CDB711C00E37AD3 = {
						CreatedOnToolsVersion = 15.4;
					};
				};
			};
			buildConfigurationList = ABBECFFA2CDB711C00E37AD3 /* Build configuration list for PBXProject "SentenceAnalyzer" */;
			compatibilityVersion = "Xcode 14.0";
			developmentRegion = en;
			hasScannedForEncodings = 0;
			knownRegions = (
				en,
				Base,
			);
			mainGroup = ABBECFF62CDB711C00E37AD3;
			productRefGroup = ABBED0002CDB711C00E37AD3 /* Products */;
			projectDirPath = "";
			projectRoot = "";
			targets = (
				ABBECFFE2CDB711C00E37AD3 /* SentenceAnalyzer */,
			);
		};
/* End PBXProject section */

/* Begin PBXResourcesBuildPhase section */
		ABBECFFD2CDB711C00E37AD3 /* Resources */ = {
			isa = PBXResourcesBuildPhase;
			buildActionMask = 2147483647;
			files = (
				ABBED0172CDB7C9B00E37AD3 /* data.txt in Resources */,
				ABBED00C2CDB711D00E37AD3 /* Assets.xcassets in Resources */,
				ABBED00F2CDB711D00E37AD3 /* Base in Resources */,
				ABBED00A2CDB711C00E37AD3 /* Base in Resources */,
			);
			runOnlyForDeploymentPostprocessing = 0;
		};
/* End PBXResourcesBuildPhase section */

/* Begin PBXSourcesBuildPhase section */
		ABBECFFB2CDB711C00E37AD3 /* Sources */ = {
			isa = PBXSourcesBuildPhase;
			buildActionMask = 2147483647;
			files = (
				ABBED0072CDB711C00E37AD3 /* ViewController.swift in Sources */,
				ABBED0032CDB711C00E37AD3 /* AppDelegate.swift in Sources */,
				ABBED0052CDB711C00E37AD3 /* SceneDelegate.swift in Sources */,
				ABBED0192CDB8E0200E37AD3 /* URL+Predefined.swift in Sources */,
			);
			runOnlyForDeploymentPostprocessing = 0;
		};
/* End PBXSourcesBuildPhase section */

/* Begin PBXVariantGroup section */
		ABBED0082CDB711C00E37AD3 /* Main.storyboard */ = {
			isa = PBXVariantGroup;
			children = (
				ABBED0092CDB711C00E37AD3 /* Base */,
			);
			name = Main.storyboard;
			sourceTree = "<group>";
		};
		ABBED00D2CDB711D00E37AD3 /* LaunchScreen.storyboard */ = {
			isa = PBXVariantGroup;
			children = (
				ABBED00E2CDB711D00E37AD3 /* Base */,
			);
			name = LaunchScreen.storyboard;
			sourceTree = "<group>";
		};
/* End PBXVariantGroup section */

/* Begin XCBuildConfiguration section */
		ABBED0112CDB711D00E37AD3 /* Debug */ = {
			isa = XCBuildConfiguration;
			buildSettings = {
				ALWAYS_SEARCH_USER_PATHS = NO;
				ASSETCATALOG_COMPILER_GENERATE_SWIFT_ASSET_SYMBOL_EXTENSIONS = YES;
				CLANG_ANALYZER_NONNULL = YES;
				CLANG_ANALYZER_NUMBER_OBJECT_CONVERSION = YES_AGGRESSIVE;
				CLANG_CXX_LANGUAGE_STANDARD = "gnu++20";
				CLANG_ENABLE_MODULES = YES;
				CLANG_ENABLE_OBJC_ARC = YES;
				CLANG_ENABLE_OBJC_WEAK = YES;
				CLANG_WARN_BLOCK_CAPTURE_AUTORELEASING = YES;
				CLANG_WARN_BOOL_CONVERSION = YES;
				CLANG_WARN_COMMA = YES;
				CLANG_WARN_CONSTANT_CONVERSION = YES;
				CLANG_WARN_DEPRECATED_OBJC_IMPLEMENTATIONS = YES;
				CLANG_WARN_DIRECT_OBJC_ISA_USAGE = YES_ERROR;
				CLANG_WARN_DOCUMENTATION_COMMENTS = YES;
				CLANG_WARN_EMPTY_BODY = YES;
				CLANG_WARN_ENUM_CONVERSION = YES;
				CLANG_WARN_INFINITE_RECURSION = YES;
				CLANG_WARN_INT_CONVERSION = YES;
				CLANG_WARN_NON_LITERAL_NULL_CONVERSION = YES;
				CLANG_WARN_OBJC_IMPLICIT_RETAIN_SELF = YES;
				CLANG_WARN_OBJC_LITERAL_CONVERSION = YES;
				CLANG_WARN_OBJC_ROOT_CLASS = YES_ERROR;
				CLANG_WARN_QUOTED_INCLUDE_IN_FRAMEWORK_HEADER = YES;
				CLANG_WARN_RANGE_LOOP_ANALYSIS = YES;
				CLANG_WARN_STRICT_PROTOTYPES = YES;
				CLANG_WARN_SUSPICIOUS_MOVE = YES;
				CLANG_WARN_UNGUARDED_AVAILABILITY = YES_AGGRESSIVE;
				CLANG_WARN_UNREACHABLE_CODE = YES;
				CLANG_WARN__DUPLICATE_METHOD_MATCH = YES;
				COPY_PHASE_STRIP = NO;
				DEBUG_INFORMATION_FORMAT = dwarf;
				ENABLE_STRICT_OBJC_MSGSEND = YES;
				ENABLE_TESTABILITY = YES;
				ENABLE_USER_SCRIPT_SANDBOXING = YES;
				GCC_C_LANGUAGE_STANDARD = gnu17;
				GCC_DYNAMIC_NO_PIC = NO;
				GCC_NO_COMMON_BLOCKS = YES;
				GCC_OPTIMIZATION_LEVEL = 0;
				GCC_PREPROCESSOR_DEFINITIONS = (
					"DEBUG=1",
					"$(inherited)",
				);
				GCC_WARN_64_TO_32_BIT_CONVERSION = YES;
				GCC_WARN_ABOUT_RETURN_TYPE = YES_ERROR;
				GCC_WARN_UNDECLARED_SELECTOR = YES;
				GCC_WARN_UNINITIALIZED_AUTOS = YES_AGGRESSIVE;
				GCC_WARN_UNUSED_FUNCTION = YES;
				GCC_WARN_UNUSED_VARIABLE = YES;
				IPHONEOS_DEPLOYMENT_TARGET = 17.5;
				LOCALIZATION_PREFERS_STRING_CATALOGS = YES;
				MTL_ENABLE_DEBUG_INFO = INCLUDE_SOURCE;
				MTL_FAST_MATH = YES;
				ONLY_ACTIVE_ARCH = YES;
				SDKROOT = iphoneos;
				SWIFT_ACTIVE_COMPILATION_CONDITIONS = "DEBUG $(inherited)";
				SWIFT_OPTIMIZATION_LEVEL = "-Onone";
			};
			name = Debug;
		};
		ABBED0122CDB711D00E37AD3 /* Release */ = {
			isa = XCBuildConfiguration;
			buildSettings = {
				ALWAYS_SEARCH_USER_PATHS = NO;
				ASSETCATALOG_COMPILER_GENERATE_SWIFT_ASSET_SYMBOL_EXTENSIONS = YES;
				CLANG_ANALYZER_NONNULL = YES;
				CLANG_ANALYZER_NUMBER_OBJECT_CONVERSION = YES_AGGRESSIVE;
				CLANG_CXX_LANGUAGE_STANDARD = "gnu++20";
				CLANG_ENABLE_MODULES = YES;
				CLANG_ENABLE_OBJC_ARC = YES;
				CLANG_ENABLE_OBJC_WEAK = YES;
				CLANG_WARN_BLOCK_CAPTURE_AUTORELEASING = YES;
				CLANG_WARN_BOOL_CONVERSION = YES;
				CLANG_WARN_COMMA = YES;
				CLANG_WARN_CONSTANT_CONVERSION = YES;
				CLANG_WARN_DEPRECATED_OBJC_IMPLEMENTATIONS = YES;
				CLANG_WARN_DIRECT_OBJC_ISA_USAGE = YES_ERROR;
				CLANG_WARN_DOCUMENTATION_COMMENTS = YES;
				CLANG_WARN_EMPTY_BODY = YES;
				CLANG_WARN_ENUM_CONVERSION = YES;
				CLANG_WARN_INFINITE_RECURSION = YES;
				CLANG_WARN_INT_CONVERSION = YES;
				CLANG_WARN_NON_LITERAL_NULL_CONVERSION = YES;
				CLANG_WARN_OBJC_IMPLICIT_RETAIN_SELF = YES;
				CLANG_WARN_OBJC_LITERAL_CONVERSION = YES;
				CLANG_WARN_OBJC_ROOT_CLASS = YES_ERROR;
				CLANG_WARN_QUOTED_INCLUDE_IN_FRAMEWORK_HEADER = YES;
				CLANG_WARN_RANGE_LOOP_ANALYSIS = YES;
				CLANG_WARN_STRICT_PROTOTYPES = YES;
				CLANG_WARN_SUSPICIOUS_MOVE = YES;
				CLANG_WARN_UNGUARDED_AVAILABILITY = YES_AGGRESSIVE;
				CLANG_WARN_UNREACHABLE_CODE = YES;
				CLANG_WARN__DUPLICATE_METHOD_MATCH = YES;
				COPY_PHASE_STRIP = NO;
				DEBUG_INFORMATION_FORMAT = "dwarf-with-dsym";
				ENABLE_NS_ASSERTIONS = NO;
				ENABLE_STRICT_OBJC_MSGSEND = YES;
				ENABLE_USER_SCRIPT_SANDBOXING = YES;
				GCC_C_LANGUAGE_STANDARD = gnu17;
				GCC_NO_COMMON_BLOCKS = YES;
				GCC_WARN_64_TO_32_BIT_CONVERSION = YES;
				GCC_WARN_ABOUT_RETURN_TYPE = YES_ERROR;
				GCC_WARN_UNDECLARED_SELECTOR = YES;
				GCC_WARN_UNINITIALIZED_AUTOS = YES_AGGRESSIVE;
				GCC_WARN_UNUSED_FUNCTION = YES;
				GCC_WARN_UNUSED_VARIABLE = YES;
				IPHONEOS_DEPLOYMENT_TARGET = 17.5;
				LOCALIZATION_PREFERS_STRING_CATALOGS = YES;
				MTL_ENABLE_DEBUG_INFO = NO;
				MTL_FAST_MATH = YES;
				SDKROOT = iphoneos;
				SWIFT_COMPILATION_MODE = wholemodule;
				VALIDATE_PRODUCT = YES;
			};
			name = Release;
		};
		ABBED0142CDB711D00E37AD3 /* Debug */ = {
			isa = XCBuildConfiguration;
			buildSettings = {
				ASSETCATALOG_COMPILER_APPICON_NAME = AppIcon;
				ASSETCATALOG_COMPILER_GLOBAL_ACCENT_COLOR_NAME = AccentColor;
				CODE_SIGN_STYLE = Automatic;
				CURRENT_PROJECT_VERSION = 1;
				DEVELOPMENT_TEAM = 5KB7H88BWW;
				GENERATE_INFOPLIST_FILE = YES;
				INFOPLIST_FILE = SentenceAnalyzer/Info.plist;
				INFOPLIST_KEY_UIApplicationSupportsIndirectInputEvents = YES;
				INFOPLIST_KEY_UILaunchStoryboardName = LaunchScreen;
				INFOPLIST_KEY_UIMainStoryboardFile = Main;
				INFOPLIST_KEY_UISupportedInterfaceOrientations_iPad = "UIInterfaceOrientationPortrait UIInterfaceOrientationPortraitUpsideDown UIInterfaceOrientationLandscapeLeft UIInterfaceOrientationLandscapeRight";
				INFOPLIST_KEY_UISupportedInterfaceOrientations_iPhone = "UIInterfaceOrientationPortrait UIInterfaceOrientationLandscapeLeft UIInterfaceOrientationLandscapeRight";
				LD_RUNPATH_SEARCH_PATHS = (
					"$(inherited)",
					"@executable_path/Frameworks",
				);
				MARKETING_VERSION = 1.0;
				PRODUCT_BUNDLE_IDENTIFIER = jeonyul.SentenceAnalyzer;
				PRODUCT_NAME = "$(TARGET_NAME)";
				SWIFT_EMIT_LOC_STRINGS = YES;
				SWIFT_VERSION = 5.0;
				TARGETED_DEVICE_FAMILY = "1,2";
			};
			name = Debug;
		};
		ABBED0152CDB711D00E37AD3 /* Release */ = {
			isa = XCBuildConfiguration;
			buildSettings = {
				ASSETCATALOG_COMPILER_APPICON_NAME = AppIcon;
				ASSETCATALOG_COMPILER_GLOBAL_ACCENT_COLOR_NAME = AccentColor;
				CODE_SIGN_STYLE = Automatic;
				CURRENT_PROJECT_VERSION = 1;
				DEVELOPMENT_TEAM = 5KB7H88BWW;
				GENERATE_INFOPLIST_FILE = YES;
				INFOPLIST_FILE = SentenceAnalyzer/Info.plist;
				INFOPLIST_KEY_UIApplicationSupportsIndirectInputEvents = YES;
				INFOPLIST_KEY_UILaunchStoryboardName = LaunchScreen;
				INFOPLIST_KEY_UIMainStoryboardFile = Main;
				INFOPLIST_KEY_UISupportedInterfaceOrientations_iPad = "UIInterfaceOrientationPortrait UIInterfaceOrientationPortraitUpsideDown UIInterfaceOrientationLandscapeLeft UIInterfaceOrientationLandscapeRight";
				INFOPLIST_KEY_UISupportedInterfaceOrientations_iPhone = "UIInterfaceOrientationPortrait UIInterfaceOrientationLandscapeLeft UIInterfaceOrientationLandscapeRight";
				LD_RUNPATH_SEARCH_PATHS = (
					"$(inherited)",
					"@executable_path/Frameworks",
				);
				MARKETING_VERSION = 1.0;
				PRODUCT_BUNDLE_IDENTIFIER = jeonyul.SentenceAnalyzer;
				PRODUCT_NAME = "$(TARGET_NAME)";
				SWIFT_EMIT_LOC_STRINGS = YES;
				SWIFT_VERSION = 5.0;
				TARGETED_DEVICE_FAMILY = "1,2";
			};
			name = Release;
		};
/* End XCBuildConfiguration section */

/* Begin XCConfigurationList section */
		ABBECFFA2CDB711C00E37AD3 /* Build configuration list for PBXProject "SentenceAnalyzer" */ = {
			isa = XCConfigurationList;
			buildConfigurations = (
				ABBED0112CDB711D00E37AD3 /* Debug */,
				ABBED0122CDB711D00E37AD3 /* Release */,
			);
			defaultConfigurationIsVisible = 0;
			defaultConfigurationName = Release;
		};
		ABBED0132CDB711D00E37AD3 /* Build configuration list for PBXNativeTarget "SentenceAnalyzer" */ = {
			isa = XCConfigurationList;
			buildConfigurations = (
				ABBED0142CDB711D00E37AD3 /* Debug */,
				ABBED0152CDB711D00E37AD3 /* Release */,
			);
			defaultConfigurationIsVisible = 0;
			defaultConfigurationName = Release;
		};
/* End XCConfigurationList section */
	};
	rootObject = ABBECFF72CDB711C00E37AD3 /* Project object */;
}
